
Microsoft Visual Studio Solution File, Format Version 12.00
# Visual Studio Version 17
VisualStudioVersion = 17.9.34902.65
MinimumVisualStudioVersion = 10.0.40219.1
Project("{FAE04EC0-301F-11D3-BF4B-00C04F79EFBC}") = "ProgramBox", "ProgramBox\ProgramBox.csproj", "{C5C8DEBE-4E68-40C4-B44D-D0E4BA69C594}"
EndProject
Project("{2150E333-8FDC-42A3-9474-1A3956D46DE8}") = "解决方案项", "解决方案项", "{BFC51DE6-7D52-4D6E-9B2F-DA7FCE4D0C8C}"
	ProjectSection(SolutionItems) = preProject
		README.md = README.md
	EndProjectSection
EndProject
Global
	GlobalSection(SolutionConfigurationPlatforms) = preSolution
		Debug|Any CPU = Debug|Any CPU
		Release|Any CPU = Release|Any CPU
	EndGlobalSection
	GlobalSection(ProjectConfigurationPlatforms) = postSolution
		{C5C8DEBE-4E68-40C4-B44D-D0E4BA69C594}.Debug|Any CPU.ActiveCfg = Debug|Any CPU
		{C5C8DEBE-4E68-40C4-B44D-D0E4BA69C594}.Debug|Any CPU.Build.0 = Debug|Any CPU
		{C5C8DEBE-4E68-40C4-B44D-D0E4BA69C594}.Release|Any CPU.ActiveCfg = Release|Any CPU
		{C5C8DEBE-4E68-40C4-B44D-D0E4BA69C594}.Release|Any CPU.Build.0 = Release|Any CPU
	EndGlobalSection
	GlobalSection(SolutionProperties) = preSolution
		HideSolutionNode = FALSE
	EndGlobalSection
	GlobalSection(ExtensibilityGlobals) = postSolution
		SolutionGuid = {EB1CF467-5325-400F-8D1E-9A8B48816364}
	EndGlobalSection
EndGlobal
