
Microsoft Visual Studio Solution File, Format Version 12.00
# Visual Studio Version 16
VisualStudioVersion = 16.0.34902.97
MinimumVisualStudioVersion = 10.0.40219.1
Project("{FAE04EC0-301F-11D3-BF4B-00C04F79EFBC}") = "MenuManager", "MenuManager\MenuManager.csproj", "{69D60104-3FCC-462E-92F8-52D0A880DCA0}"
EndProject
Project("{FAE04EC0-301F-11D3-BF4B-00C04F79EFBC}") = "PictureFormatter", "PictureFormatter\PictureFormatter.csproj", "{E77864AA-A76B-4B87-B989-DEB66EA23862}"
EndProject
Project("{FAE04EC0-301F-11D3-BF4B-00C04F79EFBC}") = "ProgramBox", "ProgramBox\ProgramBox.csproj", "{C5C8DEBE-4E68-40C4-B44D-D0E4BA69C594}"
EndProject
Project("{FAE04EC0-301F-11D3-BF4B-00C04F79EFBC}") = "FolderImage", "FolderImage\FolderImage.csproj", "{F350B762-6756-41F5-B1EF-2AF4F5BC73CA}"
EndProject
Project("{FAE04EC0-301F-11D3-BF4B-00C04F79EFBC}") = "ProgramBox.WPF", "ProgramBox.WPF\ProgramBox.WPF.csproj", "{F89FF730-36E9-4865-8ED9-A9558004A58B}"
EndProject
Global
	GlobalSection(SolutionConfigurationPlatforms) = preSolution
		Debug|Any CPU = Debug|Any CPU
		Release|Any CPU = Release|Any CPU
	EndGlobalSection
	GlobalSection(ProjectConfigurationPlatforms) = postSolution
		{69D60104-3FCC-462E-92F8-52D0A880DCA0}.Debug|Any CPU.ActiveCfg = Debug|Any CPU
		{69D60104-3FCC-462E-92F8-52D0A880DCA0}.Debug|Any CPU.Build.0 = Debug|Any CPU
		{69D60104-3FCC-462E-92F8-52D0A880DCA0}.Release|Any CPU.ActiveCfg = Release|Any CPU
		{69D60104-3FCC-462E-92F8-52D0A880DCA0}.Release|Any CPU.Build.0 = Release|Any CPU
		{E77864AA-A76B-4B87-B989-DEB66EA23862}.Debug|Any CPU.ActiveCfg = Debug|Any CPU
		{E77864AA-A76B-4B87-B989-DEB66EA23862}.Debug|Any CPU.Build.0 = Debug|Any CPU
		{E77864AA-A76B-4B87-B989-DEB66EA23862}.Release|Any CPU.ActiveCfg = Release|Any CPU
		{E77864AA-A76B-4B87-B989-DEB66EA23862}.Release|Any CPU.Build.0 = Release|Any CPU
		{C5C8DEBE-4E68-40C4-B44D-D0E4BA69C594}.Debug|Any CPU.ActiveCfg = Debug|Any CPU
		{C5C8DEBE-4E68-40C4-B44D-D0E4BA69C594}.Debug|Any CPU.Build.0 = Debug|Any CPU
		{C5C8DEBE-4E68-40C4-B44D-D0E4BA69C594}.Release|Any CPU.ActiveCfg = Release|Any CPU
		{C5C8DEBE-4E68-40C4-B44D-D0E4BA69C594}.Release|Any CPU.Build.0 = Release|Any CPU
		{F350B762-6756-41F5-B1EF-2AF4F5BC73CA}.Debug|Any CPU.ActiveCfg = Debug|Any CPU
		{F350B762-6756-41F5-B1EF-2AF4F5BC73CA}.Debug|Any CPU.Build.0 = Debug|Any CPU
		{F350B762-6756-41F5-B1EF-2AF4F5BC73CA}.Release|Any CPU.ActiveCfg = Release|Any CPU
		{F350B762-6756-41F5-B1EF-2AF4F5BC73CA}.Release|Any CPU.Build.0 = Release|Any CPU
		{F89FF730-36E9-4865-8ED9-A9558004A58B}.Debug|Any CPU.ActiveCfg = Debug|Any CPU
		{F89FF730-36E9-4865-8ED9-A9558004A58B}.Debug|Any CPU.Build.0 = Debug|Any CPU
		{F89FF730-36E9-4865-8ED9-A9558004A58B}.Release|Any CPU.ActiveCfg = Release|Any CPU
		{F89FF730-36E9-4865-8ED9-A9558004A58B}.Release|Any CPU.Build.0 = Release|Any CPU
	EndGlobalSection
	GlobalSection(SolutionProperties) = preSolution
		HideSolutionNode = FALSE
	EndGlobalSection
	GlobalSection(ExtensibilityGlobals) = postSolution
		SolutionGuid = {EB1CF467-5325-400F-8D1E-9A8B48816364}
	EndGlobalSection
EndGlobal
